
Microsoft Visual Studio Solution File, Format Version 12.00
# Visual Studio Version 17
VisualStudioVersion = 17.9.34607.119
MinimumVisualStudioVersion = 10.0.40219.1
Project("{8BC9CEB8-8B4A-11D0-8D11-00A0C91BC942}") = "homework_24_05_30", "homework_24_05_30\homework_24_05_30.vcxproj", "{3E74816D-D3E6-44F9-8F5E-F1A4BF7FB898}"
EndProject
Global
	GlobalSection(SolutionConfigurationPlatforms) = preSolution
		Debug|x64 = Debug|x64
		Debug|x86 = Debug|x86
		Release|x64 = Release|x64
		Release|x86 = Release|x86
	EndGlobalSection
	GlobalSection(ProjectConfigurationPlatforms) = postSolution
		{3E74816D-D3E6-44F9-8F5E-F1A4BF7FB898}.Debug|x64.ActiveCfg = Debug|x64
		{3E74816D-D3E6-44F9-8F5E-F1A4BF7FB898}.Debug|x64.Build.0 = Debug|x64
		{3E74816D-D3E6-44F9-8F5E-F1A4BF7FB898}.Debug|x86.ActiveCfg = Debug|Win32
		{3E74816D-D3E6-44F9-8F5E-F1A4BF7FB898}.Debug|x86.Build.0 = Debug|Win32
		{3E74816D-D3E6-44F9-8F5E-F1A4BF7FB898}.Release|x64.ActiveCfg = Release|x64
		{3E74816D-D3E6-44F9-8F5E-F1A4BF7FB898}.Release|x64.Build.0 = Release|x64
		{3E74816D-D3E6-44F9-8F5E-F1A4BF7FB898}.Release|x86.ActiveCfg = Release|Win32
		{3E74816D-D3E6-44F9-8F5E-F1A4BF7FB898}.Release|x86.Build.0 = Release|Win32
	EndGlobalSection
	GlobalSection(SolutionProperties) = preSolution
		HideSolutionNode = FALSE
	EndGlobalSection
	GlobalSection(ExtensibilityGlobals) = postSolution
		SolutionGuid = {2938E3D2-2D49-48EF-946C-0635E15CA201}
	EndGlobalSection
EndGlobal
